
Microsoft Visual Studio Solution File, Format Version 12.00
# Visual Studio 15
VisualStudioVersion = 15.0.28307.329
MinimumVisualStudioVersion = 10.0.40219.1
Project("{FAE04EC0-301F-11D3-BF4B-00C04F79EFBC}") = "XamarinMuPDF.Android", "XamarinMuPDF\XamarinMuPDF.Android\XamarinMuPDF.Android.csproj", "{D831A985-2573-4611-9348-65363CD5587A}"
EndProject
Project("{FAE04EC0-301F-11D3-BF4B-00C04F79EFBC}") = "XamarinMuPDF.iOS", "XamarinMuPDF\XamarinMuPDF.iOS\XamarinMuPDF.iOS.csproj", "{D3675308-EAAF-4CC3-8FB6-E0400FEABABE}"
EndProject
Project("{FAE04EC0-301F-11D3-BF4B-00C04F79EFBC}") = "XamarinMuPDF", "XamarinMuPDF\XamarinMuPDF\XamarinMuPDF.csproj", "{C968957D-9C21-427A-A5C5-5111E6DDE381}"
EndProject
Global
	GlobalSection(SolutionConfigurationPlatforms) = preSolution
		Ad-Hoc|Any CPU = Ad-Hoc|Any CPU
		Ad-Hoc|iPhone = Ad-Hoc|iPhone
		Ad-Hoc|iPhoneSimulator = Ad-Hoc|iPhoneSimulator
		AppStore|Any CPU = AppStore|Any CPU
		AppStore|iPhone = AppStore|iPhone
		AppStore|iPhoneSimulator = AppStore|iPhoneSimulator
		Debug|Any CPU = Debug|Any CPU
		Debug|iPhone = Debug|iPhone
		Debug|iPhoneSimulator = Debug|iPhoneSimulator
		Release|Any CPU = Release|Any CPU
		Release|iPhone = Release|iPhone
		Release|iPhoneSimulator = Release|iPhoneSimulator
	EndGlobalSection
	GlobalSection(ProjectConfigurationPlatforms) = postSolution
		{D831A985-2573-4611-9348-65363CD5587A}.Ad-Hoc|Any CPU.ActiveCfg = Release|Any CPU
		{D831A985-2573-4611-9348-65363CD5587A}.Ad-Hoc|Any CPU.Build.0 = Release|Any CPU
		{D831A985-2573-4611-9348-65363CD5587A}.Ad-Hoc|Any CPU.Deploy.0 = Release|Any CPU
		{D831A985-2573-4611-9348-65363CD5587A}.Ad-Hoc|iPhone.ActiveCfg = Release|Any CPU
		{D831A985-2573-4611-9348-65363CD5587A}.Ad-Hoc|iPhone.Build.0 = Release|Any CPU
		{D831A985-2573-4611-9348-65363CD5587A}.Ad-Hoc|iPhone.Deploy.0 = Release|Any CPU
		{D831A985-2573-4611-9348-65363CD5587A}.Ad-Hoc|iPhoneSimulator.ActiveCfg = Release|Any CPU
		{D831A985-2573-4611-9348-65363CD5587A}.Ad-Hoc|iPhoneSimulator.Build.0 = Release|Any CPU
		{D831A985-2573-4611-9348-65363CD5587A}.Ad-Hoc|iPhoneSimulator.Deploy.0 = Release|Any CPU
		{D831A985-2573-4611-9348-65363CD5587A}.AppStore|Any CPU.ActiveCfg = Release|Any CPU
		{D831A985-2573-4611-9348-65363CD5587A}.AppStore|Any CPU.Build.0 = Release|Any CPU
		{D831A985-2573-4611-9348-65363CD5587A}.AppStore|Any CPU.Deploy.0 = Release|Any CPU
		{D831A985-2573-4611-9348-65363CD5587A}.AppStore|iPhone.ActiveCfg = Release|Any CPU
		{D831A985-2573-4611-9348-65363CD5587A}.AppStore|iPhone.Build.0 = Release|Any CPU
		{D831A985-2573-4611-9348-65363CD5587A}.AppStore|iPhone.Deploy.0 = Release|Any CPU
		{D831A985-2573-4611-9348-65363CD5587A}.AppStore|iPhoneSimulator.ActiveCfg = Release|Any CPU
		{D831A985-2573-4611-9348-65363CD5587A}.AppStore|iPhoneSimulator.Build.0 = Release|Any CPU
		{D831A985-2573-4611-9348-65363CD5587A}.AppStore|iPhoneSimulator.Deploy.0 = Release|Any CPU
		{D831A985-2573-4611-9348-65363CD5587A}.Debug|Any CPU.ActiveCfg = Debug|Any CPU
		{D831A985-2573-4611-9348-65363CD5587A}.Debug|Any CPU.Build.0 = Debug|Any CPU
		{D831A985-2573-4611-9348-65363CD5587A}.Debug|Any CPU.Deploy.0 = Debug|Any CPU
		{D831A985-2573-4611-9348-65363CD5587A}.Debug|iPhone.ActiveCfg = Debug|Any CPU
		{D831A985-2573-4611-9348-65363CD5587A}.Debug|iPhone.Build.0 = Debug|Any CPU
		{D831A985-2573-4611-9348-65363CD5587A}.Debug|iPhone.Deploy.0 = Debug|Any CPU
		{D831A985-2573-4611-9348-65363CD5587A}.Debug|iPhoneSimulator.ActiveCfg = Debug|Any CPU
		{D831A985-2573-4611-9348-65363CD5587A}.Debug|iPhoneSimulator.Build.0 = Debug|Any CPU
		{D831A985-2573-4611-9348-65363CD5587A}.Debug|iPhoneSimulator.Deploy.0 = Debug|Any CPU
		{D831A985-2573-4611-9348-65363CD5587A}.Release|Any CPU.ActiveCfg = Release|Any CPU
		{D831A985-2573-4611-9348-65363CD5587A}.Release|Any CPU.Build.0 = Release|Any CPU
		{D831A985-2573-4611-9348-65363CD5587A}.Release|Any CPU.Deploy.0 = Release|Any CPU
		{D831A985-2573-4611-9348-65363CD5587A}.Release|iPhone.ActiveCfg = Release|Any CPU
		{D831A985-2573-4611-9348-65363CD5587A}.Release|iPhone.Build.0 = Release|Any CPU
		{D831A985-2573-4611-9348-65363CD5587A}.Release|iPhone.Deploy.0 = Release|Any CPU
		{D831A985-2573-4611-9348-65363CD5587A}.Release|iPhoneSimulator.ActiveCfg = Release|Any CPU
		{D831A985-2573-4611-9348-65363CD5587A}.Release|iPhoneSimulator.Build.0 = Release|Any CPU
		{D831A985-2573-4611-9348-65363CD5587A}.Release|iPhoneSimulator.Deploy.0 = Release|Any CPU
		{D3675308-EAAF-4CC3-8FB6-E0400FEABABE}.Ad-Hoc|Any CPU.ActiveCfg = Ad-Hoc|iPhone
		{D3675308-EAAF-4CC3-8FB6-E0400FEABABE}.Ad-Hoc|Any CPU.Build.0 = Ad-Hoc|iPhone
		{D3675308-EAAF-4CC3-8FB6-E0400FEABABE}.Ad-Hoc|Any CPU.Deploy.0 = Ad-Hoc|iPhone
		{D3675308-EAAF-4CC3-8FB6-E0400FEABABE}.Ad-Hoc|iPhone.ActiveCfg = Ad-Hoc|iPhone
		{D3675308-EAAF-4CC3-8FB6-E0400FEABABE}.Ad-Hoc|iPhone.Build.0 = Ad-Hoc|iPhone
		{D3675308-EAAF-4CC3-8FB6-E0400FEABABE}.Ad-Hoc|iPhone.Deploy.0 = Ad-Hoc|iPhone
		{D3675308-EAAF-4CC3-8FB6-E0400FEABABE}.Ad-Hoc|iPhoneSimulator.ActiveCfg = Ad-Hoc|iPhoneSimulator
		{D3675308-EAAF-4CC3-8FB6-E0400FEABABE}.Ad-Hoc|iPhoneSimulator.Build.0 = Ad-Hoc|iPhoneSimulator
		{D3675308-EAAF-4CC3-8FB6-E0400FEABABE}.Ad-Hoc|iPhoneSimulator.Deploy.0 = Ad-Hoc|iPhoneSimulator
		{D3675308-EAAF-4CC3-8FB6-E0400FEABABE}.AppStore|Any CPU.ActiveCfg = AppStore|iPhone
		{D3675308-EAAF-4CC3-8FB6-E0400FEABABE}.AppStore|Any CPU.Build.0 = AppStore|iPhone
		{D3675308-EAAF-4CC3-8FB6-E0400FEABABE}.AppStore|Any CPU.Deploy.0 = AppStore|iPhone
		{D3675308-EAAF-4CC3-8FB6-E0400FEABABE}.AppStore|iPhone.ActiveCfg = AppStore|iPhone
		{D3675308-EAAF-4CC3-8FB6-E0400FEABABE}.AppStore|iPhone.Build.0 = AppStore|iPhone
		{D3675308-EAAF-4CC3-8FB6-E0400FEABABE}.AppStore|iPhone.Deploy.0 = AppStore|iPhone
		{D3675308-EAAF-4CC3-8FB6-E0400FEABABE}.AppStore|iPhoneSimulator.ActiveCfg = AppStore|iPhoneSimulator
		{D3675308-EAAF-4CC3-8FB6-E0400FEABABE}.AppStore|iPhoneSimulator.Build.0 = AppStore|iPhoneSimulator
		{D3675308-EAAF-4CC3-8FB6-E0400FEABABE}.AppStore|iPhoneSimulator.Deploy.0 = AppStore|iPhoneSimulator
		{D3675308-EAAF-4CC3-8FB6-E0400FEABABE}.Debug|Any CPU.ActiveCfg = Debug|iPhoneSimulator
		{D3675308-EAAF-4CC3-8FB6-E0400FEABABE}.Debug|Any CPU.Build.0 = Debug|iPhoneSimulator
		{D3675308-EAAF-4CC3-8FB6-E0400FEABABE}.Debug|Any CPU.Deploy.0 = Debug|iPhoneSimulator
		{D3675308-EAAF-4CC3-8FB6-E0400FEABABE}.Debug|iPhone.ActiveCfg = Debug|iPhone
		{D3675308-EAAF-4CC3-8FB6-E0400FEABABE}.Debug|iPhone.Build.0 = Debug|iPhone
		{D3675308-EAAF-4CC3-8FB6-E0400FEABABE}.Debug|iPhone.Deploy.0 = Debug|iPhone
		{D3675308-EAAF-4CC3-8FB6-E0400FEABABE}.Debug|iPhoneSimulator.ActiveCfg = Debug|iPhoneSimulator
		{D3675308-EAAF-4CC3-8FB6-E0400FEABABE}.Debug|iPhoneSimulator.Build.0 = Debug|iPhoneSimulator
		{D3675308-EAAF-4CC3-8FB6-E0400FEABABE}.Debug|iPhoneSimulator.Deploy.0 = Debug|iPhoneSimulator
		{D3675308-EAAF-4CC3-8FB6-E0400FEABABE}.Release|Any CPU.ActiveCfg = Release|iPhone
		{D3675308-EAAF-4CC3-8FB6-E0400FEABABE}.Release|Any CPU.Build.0 = Release|iPhone
		{D3675308-EAAF-4CC3-8FB6-E0400FEABABE}.Release|Any CPU.Deploy.0 = Release|iPhone
		{D3675308-EAAF-4CC3-8FB6-E0400FEABABE}.Release|iPhone.ActiveCfg = Release|iPhone
		{D3675308-EAAF-4CC3-8FB6-E0400FEABABE}.Release|iPhone.Build.0 = Release|iPhone
		{D3675308-EAAF-4CC3-8FB6-E0400FEABABE}.Release|iPhone.Deploy.0 = Release|iPhone
		{D3675308-EAAF-4CC3-8FB6-E0400FEABABE}.Release|iPhoneSimulator.ActiveCfg = Release|iPhoneSimulator
		{D3675308-EAAF-4CC3-8FB6-E0400FEABABE}.Release|iPhoneSimulator.Build.0 = Release|iPhoneSimulator
		{D3675308-EAAF-4CC3-8FB6-E0400FEABABE}.Release|iPhoneSimulator.Deploy.0 = Release|iPhoneSimulator
		{C968957D-9C21-427A-A5C5-5111E6DDE381}.Ad-Hoc|Any CPU.ActiveCfg = Debug|Any CPU
		{C968957D-9C21-427A-A5C5-5111E6DDE381}.Ad-Hoc|Any CPU.Build.0 = Debug|Any CPU
		{C968957D-9C21-427A-A5C5-5111E6DDE381}.Ad-Hoc|Any CPU.Deploy.0 = Debug|Any CPU
		{C968957D-9C21-427A-A5C5-5111E6DDE381}.Ad-Hoc|iPhone.ActiveCfg = Debug|Any CPU
		{C968957D-9C21-427A-A5C5-5111E6DDE381}.Ad-Hoc|iPhone.Build.0 = Debug|Any CPU
		{C968957D-9C21-427A-A5C5-5111E6DDE381}.Ad-Hoc|iPhone.Deploy.0 = Debug|Any CPU
		{C968957D-9C21-427A-A5C5-5111E6DDE381}.Ad-Hoc|iPhoneSimulator.ActiveCfg = Debug|Any CPU
		{C968957D-9C21-427A-A5C5-5111E6DDE381}.Ad-Hoc|iPhoneSimulator.Build.0 = Debug|Any CPU
		{C968957D-9C21-427A-A5C5-5111E6DDE381}.Ad-Hoc|iPhoneSimulator.Deploy.0 = Debug|Any CPU
		{C968957D-9C21-427A-A5C5-5111E6DDE381}.AppStore|Any CPU.ActiveCfg = Debug|Any CPU
		{C968957D-9C21-427A-A5C5-5111E6DDE381}.AppStore|Any CPU.Build.0 = Debug|Any CPU
		{C968957D-9C21-427A-A5C5-5111E6DDE381}.AppStore|Any CPU.Deploy.0 = Debug|Any CPU
		{C968957D-9C21-427A-A5C5-5111E6DDE381}.AppStore|iPhone.ActiveCfg = Debug|Any CPU
		{C968957D-9C21-427A-A5C5-5111E6DDE381}.AppStore|iPhone.Build.0 = Debug|Any CPU
		{C968957D-9C21-427A-A5C5-5111E6DDE381}.AppStore|iPhone.Deploy.0 = Debug|Any CPU
		{C968957D-9C21-427A-A5C5-5111E6DDE381}.AppStore|iPhoneSimulator.ActiveCfg = Debug|Any CPU
		{C968957D-9C21-427A-A5C5-5111E6DDE381}.AppStore|iPhoneSimulator.Build.0 = Debug|Any CPU
		{C968957D-9C21-427A-A5C5-5111E6DDE381}.AppStore|iPhoneSimulator.Deploy.0 = Debug|Any CPU
		{C968957D-9C21-427A-A5C5-5111E6DDE381}.Debug|Any CPU.ActiveCfg = Debug|Any CPU
		{C968957D-9C21-427A-A5C5-5111E6DDE381}.Debug|Any CPU.Build.0 = Debug|Any CPU
		{C968957D-9C21-427A-A5C5-5111E6DDE381}.Debug|Any CPU.Deploy.0 = Debug|Any CPU
		{C968957D-9C21-427A-A5C5-5111E6DDE381}.Debug|iPhone.ActiveCfg = Debug|Any CPU
		{C968957D-9C21-427A-A5C5-5111E6DDE381}.Debug|iPhone.Build.0 = Debug|Any CPU
		{C968957D-9C21-427A-A5C5-5111E6DDE381}.Debug|iPhone.Deploy.0 = Debug|Any CPU
		{C968957D-9C21-427A-A5C5-5111E6DDE381}.Debug|iPhoneSimulator.ActiveCfg = Debug|Any CPU
		{C968957D-9C21-427A-A5C5-5111E6DDE381}.Debug|iPhoneSimulator.Build.0 = Debug|Any CPU
		{C968957D-9C21-427A-A5C5-5111E6DDE381}.Debug|iPhoneSimulator.Deploy.0 = Debug|Any CPU
		{C968957D-9C21-427A-A5C5-5111E6DDE381}.Release|Any CPU.ActiveCfg = Release|Any CPU
		{C968957D-9C21-427A-A5C5-5111E6DDE381}.Release|Any CPU.Build.0 = Release|Any CPU
		{C968957D-9C21-427A-A5C5-5111E6DDE381}.Release|Any CPU.Deploy.0 = Release|Any CPU
		{C968957D-9C21-427A-A5C5-5111E6DDE381}.Release|iPhone.ActiveCfg = Release|Any CPU
		{C968957D-9C21-427A-A5C5-5111E6DDE381}.Release|iPhone.Build.0 = Release|Any CPU
		{C968957D-9C21-427A-A5C5-5111E6DDE381}.Release|iPhone.Deploy.0 = Release|Any CPU
		{C968957D-9C21-427A-A5C5-5111E6DDE381}.Release|iPhoneSimulator.ActiveCfg = Release|Any CPU
		{C968957D-9C21-427A-A5C5-5111E6DDE381}.Release|iPhoneSimulator.Build.0 = Release|Any CPU
		{C968957D-9C21-427A-A5C5-5111E6DDE381}.Release|iPhoneSimulator.Deploy.0 = Release|Any CPU
	EndGlobalSection
	GlobalSection(SolutionProperties) = preSolution
		HideSolutionNode = FALSE
	EndGlobalSection
	GlobalSection(ExtensibilityGlobals) = postSolution
		SolutionGuid = {2597832E-8AAA-4F1B-930A-632D57230BED}
	EndGlobalSection
EndGlobal
